
Microsoft Visual Studio Solution File, Format Version 12.00
# Visual Studio 14
VisualStudioVersion = 14.0.25420.1
MinimumVisualStudioVersion = 10.0.40219.1
Project("{FAE04EC0-301F-11D3-BF4B-00C04F79EFBC}") = "HelloWorld", "HelloWorld\HelloWorld.csproj", "{C983F907-0FAF-4315-8F41-6DB4D4D40384}"
EndProject
Project("{FAE04EC0-301F-11D3-BF4B-00C04F79EFBC}") = "SumTwoNumbers", "SumTwoNumbers\SumTwoNumbers.csproj", "{908B84B3-0CB1-4BF5-9A9C-C7AE0DE09CB8}"
EndProject
Project("{FAE04EC0-301F-11D3-BF4B-00C04F79EFBC}") = "MultiplyNumbers", "MultiplyNumbers\MultiplyNumbers.csproj", "{FB37614A-8195-4F8F-B549-174E0E0AE15F}"
EndProject
Project("{FAE04EC0-301F-11D3-BF4B-00C04F79EFBC}") = "Expression", "Expression\Expression.csproj", "{CCCF908A-E04C-438D-A17A-B5BA2BD6A555}"
EndProject
Project("{FAE04EC0-301F-11D3-BF4B-00C04F79EFBC}") = "Numbs1to20", "Numbs1to20\Numbs1to20.csproj", "{952518E2-A642-40CC-9D74-5FC83BA3C22B}"
EndProject
Project("{FAE04EC0-301F-11D3-BF4B-00C04F79EFBC}") = "TriangleOf55Stars", "TriangleOf55Stars\TriangleOf55Stars.csproj", "{B68039A0-0D96-47D7-BCF4-B6ACF883D3C6}"
EndProject
Project("{FAE04EC0-301F-11D3-BF4B-00C04F79EFBC}") = "TriangleArea", "TriangleArea\TriangleArea.csproj", "{9A8E1E0C-633A-4D10-9690-2270D84A58AD}"
EndProject
Project("{FAE04EC0-301F-11D3-BF4B-00C04F79EFBC}") = "rectangle", "rectangle\rectangle.csproj", "{739416FD-EF58-456C-A7EA-C1E76E55C030}"
EndProject
Project("{FAE04EC0-301F-11D3-BF4B-00C04F79EFBC}") = "CristmasThree", "CristmasThree\CristmasThree.csproj", "{18D87631-CDBB-419E-A15E-35B9B25C10CB}"
EndProject
Global
	GlobalSection(SolutionConfigurationPlatforms) = preSolution
		Debug|Any CPU = Debug|Any CPU
		Release|Any CPU = Release|Any CPU
	EndGlobalSection
	GlobalSection(ProjectConfigurationPlatforms) = postSolution
		{C983F907-0FAF-4315-8F41-6DB4D4D40384}.Debug|Any CPU.ActiveCfg = Debug|Any CPU
		{C983F907-0FAF-4315-8F41-6DB4D4D40384}.Debug|Any CPU.Build.0 = Debug|Any CPU
		{C983F907-0FAF-4315-8F41-6DB4D4D40384}.Release|Any CPU.ActiveCfg = Release|Any CPU
		{C983F907-0FAF-4315-8F41-6DB4D4D40384}.Release|Any CPU.Build.0 = Release|Any CPU
		{908B84B3-0CB1-4BF5-9A9C-C7AE0DE09CB8}.Debug|Any CPU.ActiveCfg = Debug|Any CPU
		{908B84B3-0CB1-4BF5-9A9C-C7AE0DE09CB8}.Debug|Any CPU.Build.0 = Debug|Any CPU
		{908B84B3-0CB1-4BF5-9A9C-C7AE0DE09CB8}.Release|Any CPU.ActiveCfg = Release|Any CPU
		{908B84B3-0CB1-4BF5-9A9C-C7AE0DE09CB8}.Release|Any CPU.Build.0 = Release|Any CPU
		{FB37614A-8195-4F8F-B549-174E0E0AE15F}.Debug|Any CPU.ActiveCfg = Debug|Any CPU
		{FB37614A-8195-4F8F-B549-174E0E0AE15F}.Debug|Any CPU.Build.0 = Debug|Any CPU
		{FB37614A-8195-4F8F-B549-174E0E0AE15F}.Release|Any CPU.ActiveCfg = Release|Any CPU
		{FB37614A-8195-4F8F-B549-174E0E0AE15F}.Release|Any CPU.Build.0 = Release|Any CPU
		{CCCF908A-E04C-438D-A17A-B5BA2BD6A555}.Debug|Any CPU.ActiveCfg = Debug|Any CPU
		{CCCF908A-E04C-438D-A17A-B5BA2BD6A555}.Debug|Any CPU.Build.0 = Debug|Any CPU
		{CCCF908A-E04C-438D-A17A-B5BA2BD6A555}.Release|Any CPU.ActiveCfg = Release|Any CPU
		{CCCF908A-E04C-438D-A17A-B5BA2BD6A555}.Release|Any CPU.Build.0 = Release|Any CPU
		{952518E2-A642-40CC-9D74-5FC83BA3C22B}.Debug|Any CPU.ActiveCfg = Debug|Any CPU
		{952518E2-A642-40CC-9D74-5FC83BA3C22B}.Debug|Any CPU.Build.0 = Debug|Any CPU
		{952518E2-A642-40CC-9D74-5FC83BA3C22B}.Release|Any CPU.ActiveCfg = Release|Any CPU
		{952518E2-A642-40CC-9D74-5FC83BA3C22B}.Release|Any CPU.Build.0 = Release|Any CPU
		{B68039A0-0D96-47D7-BCF4-B6ACF883D3C6}.Debug|Any CPU.ActiveCfg = Debug|Any CPU
		{B68039A0-0D96-47D7-BCF4-B6ACF883D3C6}.Debug|Any CPU.Build.0 = Debug|Any CPU
		{B68039A0-0D96-47D7-BCF4-B6ACF883D3C6}.Release|Any CPU.ActiveCfg = Release|Any CPU
		{B68039A0-0D96-47D7-BCF4-B6ACF883D3C6}.Release|Any CPU.Build.0 = Release|Any CPU
		{9A8E1E0C-633A-4D10-9690-2270D84A58AD}.Debug|Any CPU.ActiveCfg = Debug|Any CPU
		{9A8E1E0C-633A-4D10-9690-2270D84A58AD}.Debug|Any CPU.Build.0 = Debug|Any CPU
		{9A8E1E0C-633A-4D10-9690-2270D84A58AD}.Release|Any CPU.ActiveCfg = Release|Any CPU
		{9A8E1E0C-633A-4D10-9690-2270D84A58AD}.Release|Any CPU.Build.0 = Release|Any CPU
		{739416FD-EF58-456C-A7EA-C1E76E55C030}.Debug|Any CPU.ActiveCfg = Debug|Any CPU
		{739416FD-EF58-456C-A7EA-C1E76E55C030}.Debug|Any CPU.Build.0 = Debug|Any CPU
		{739416FD-EF58-456C-A7EA-C1E76E55C030}.Release|Any CPU.ActiveCfg = Release|Any CPU
		{739416FD-EF58-456C-A7EA-C1E76E55C030}.Release|Any CPU.Build.0 = Release|Any CPU
		{18D87631-CDBB-419E-A15E-35B9B25C10CB}.Debug|Any CPU.ActiveCfg = Debug|Any CPU
		{18D87631-CDBB-419E-A15E-35B9B25C10CB}.Debug|Any CPU.Build.0 = Debug|Any CPU
		{18D87631-CDBB-419E-A15E-35B9B25C10CB}.Release|Any CPU.ActiveCfg = Release|Any CPU
		{18D87631-CDBB-419E-A15E-35B9B25C10CB}.Release|Any CPU.Build.0 = Release|Any CPU
	EndGlobalSection
	GlobalSection(SolutionProperties) = preSolution
		HideSolutionNode = FALSE
	EndGlobalSection
EndGlobal
