
Microsoft Visual Studio Solution File, Format Version 12.00
# Visual Studio 14
VisualStudioVersion = 14.0.25420.1
MinimumVisualStudioVersion = 10.0.40219.1
Project("{FAE04EC0-301F-11D3-BF4B-00C04F79EFBC}") = "01.LoopBy3", "01.LoopBy3\01.LoopBy3.csproj", "{7052A018-FF2C-404F-8D7B-166A952CB335}"
EndProject
Project("{FAE04EC0-301F-11D3-BF4B-00C04F79EFBC}") = "02.Numbers to 1", "02.Numbers to 1\02.Numbers to 1.csproj", "{E2EF4029-76E3-480A-BF4E-2078E721774D}"
EndProject
Project("{FAE04EC0-301F-11D3-BF4B-00C04F79EFBC}") = "03.Powers of Two", "03.Powers of Two\03.Powers of Two.csproj", "{D911716E-D674-4838-A36D-D2BF0575DBB4}"
EndProject
Project("{FAE04EC0-301F-11D3-BF4B-00C04F79EFBC}") = "04.Even Powers of 2", "04.Even Powers of 2\04.Even Powers of 2.csproj", "{0CE24023-9E9D-4564-BDD8-A7B776575D12}"
EndProject
Project("{FAE04EC0-301F-11D3-BF4B-00C04F79EFBC}") = "05. Sequence 2k+1", "05. Sequence 2k+1\05. Sequence 2k+1.csproj", "{66F70C36-9BC2-44C6-8422-06D81A9ED907}"
EndProject
Project("{FAE04EC0-301F-11D3-BF4B-00C04F79EFBC}") = "06. Number in Range", "06. Number in Range\06. Number in Range.csproj", "{D91EDCFC-9C02-4118-AA73-7BF3B58574BD}"
EndProject
Project("{FAE04EC0-301F-11D3-BF4B-00C04F79EFBC}") = "07. Greatest Common Divisor (CGD)", "07. Greatest Common Divisor (CGD)\07. Greatest Common Divisor (CGD).csproj", "{112FC58C-FCDD-4965-9741-B040C62321B9}"
EndProject
Project("{FAE04EC0-301F-11D3-BF4B-00C04F79EFBC}") = "08. Factorial", "08. Factorial\08. Factorial.csproj", "{C4A47A4F-DDF4-4B7C-8CF0-FAEF806FAC70}"
EndProject
Project("{FAE04EC0-301F-11D3-BF4B-00C04F79EFBC}") = "09. Sum Digits", "09. Sum Digits\09. Sum Digits.csproj", "{F4CD3460-2AA2-4769-8102-24058874D078}"
EndProject
Project("{FAE04EC0-301F-11D3-BF4B-00C04F79EFBC}") = "10. Check Prime", "10. Check Prime\10. Check Prime.csproj", "{6743C69E-3BFF-4239-9FF9-D52C69C61DE3}"
EndProject
Project("{FAE04EC0-301F-11D3-BF4B-00C04F79EFBC}") = "11. Enter Even Number", "11. Enter Even Number\11. Enter Even Number.csproj", "{7FFED76C-8219-4F8A-8CFC-8C9F22623239}"
EndProject
Project("{FAE04EC0-301F-11D3-BF4B-00C04F79EFBC}") = "12. Fibonacci", "12. Fibonacci\12. Fibonacci.csproj", "{5FBF6E57-8B53-48C0-8B4C-D15053184344}"
EndProject
Project("{FAE04EC0-301F-11D3-BF4B-00C04F79EFBC}") = "13. Number Pyramid", "13. Number Pyramid\13. Number Pyramid.csproj", "{F4EE07BB-F072-4C65-949B-8503434B61D1}"
EndProject
Project("{FAE04EC0-301F-11D3-BF4B-00C04F79EFBC}") = "14. Number Table", "14. Number Table\14. Number Table.csproj", "{9214DB2A-D8E0-4826-8E4F-F6D426158A78}"
EndProject
Global
	GlobalSection(SolutionConfigurationPlatforms) = preSolution
		Debug|Any CPU = Debug|Any CPU
		Release|Any CPU = Release|Any CPU
	EndGlobalSection
	GlobalSection(ProjectConfigurationPlatforms) = postSolution
		{7052A018-FF2C-404F-8D7B-166A952CB335}.Debug|Any CPU.ActiveCfg = Debug|Any CPU
		{7052A018-FF2C-404F-8D7B-166A952CB335}.Debug|Any CPU.Build.0 = Debug|Any CPU
		{7052A018-FF2C-404F-8D7B-166A952CB335}.Release|Any CPU.ActiveCfg = Release|Any CPU
		{7052A018-FF2C-404F-8D7B-166A952CB335}.Release|Any CPU.Build.0 = Release|Any CPU
		{E2EF4029-76E3-480A-BF4E-2078E721774D}.Debug|Any CPU.ActiveCfg = Debug|Any CPU
		{E2EF4029-76E3-480A-BF4E-2078E721774D}.Debug|Any CPU.Build.0 = Debug|Any CPU
		{E2EF4029-76E3-480A-BF4E-2078E721774D}.Release|Any CPU.ActiveCfg = Release|Any CPU
		{E2EF4029-76E3-480A-BF4E-2078E721774D}.Release|Any CPU.Build.0 = Release|Any CPU
		{D911716E-D674-4838-A36D-D2BF0575DBB4}.Debug|Any CPU.ActiveCfg = Debug|Any CPU
		{D911716E-D674-4838-A36D-D2BF0575DBB4}.Debug|Any CPU.Build.0 = Debug|Any CPU
		{D911716E-D674-4838-A36D-D2BF0575DBB4}.Release|Any CPU.ActiveCfg = Release|Any CPU
		{D911716E-D674-4838-A36D-D2BF0575DBB4}.Release|Any CPU.Build.0 = Release|Any CPU
		{0CE24023-9E9D-4564-BDD8-A7B776575D12}.Debug|Any CPU.ActiveCfg = Debug|Any CPU
		{0CE24023-9E9D-4564-BDD8-A7B776575D12}.Debug|Any CPU.Build.0 = Debug|Any CPU
		{0CE24023-9E9D-4564-BDD8-A7B776575D12}.Release|Any CPU.ActiveCfg = Release|Any CPU
		{0CE24023-9E9D-4564-BDD8-A7B776575D12}.Release|Any CPU.Build.0 = Release|Any CPU
		{66F70C36-9BC2-44C6-8422-06D81A9ED907}.Debug|Any CPU.ActiveCfg = Debug|Any CPU
		{66F70C36-9BC2-44C6-8422-06D81A9ED907}.Debug|Any CPU.Build.0 = Debug|Any CPU
		{66F70C36-9BC2-44C6-8422-06D81A9ED907}.Release|Any CPU.ActiveCfg = Release|Any CPU
		{66F70C36-9BC2-44C6-8422-06D81A9ED907}.Release|Any CPU.Build.0 = Release|Any CPU
		{D91EDCFC-9C02-4118-AA73-7BF3B58574BD}.Debug|Any CPU.ActiveCfg = Debug|Any CPU
		{D91EDCFC-9C02-4118-AA73-7BF3B58574BD}.Debug|Any CPU.Build.0 = Debug|Any CPU
		{D91EDCFC-9C02-4118-AA73-7BF3B58574BD}.Release|Any CPU.ActiveCfg = Release|Any CPU
		{D91EDCFC-9C02-4118-AA73-7BF3B58574BD}.Release|Any CPU.Build.0 = Release|Any CPU
		{112FC58C-FCDD-4965-9741-B040C62321B9}.Debug|Any CPU.ActiveCfg = Debug|Any CPU
		{112FC58C-FCDD-4965-9741-B040C62321B9}.Debug|Any CPU.Build.0 = Debug|Any CPU
		{112FC58C-FCDD-4965-9741-B040C62321B9}.Release|Any CPU.ActiveCfg = Release|Any CPU
		{112FC58C-FCDD-4965-9741-B040C62321B9}.Release|Any CPU.Build.0 = Release|Any CPU
		{C4A47A4F-DDF4-4B7C-8CF0-FAEF806FAC70}.Debug|Any CPU.ActiveCfg = Debug|Any CPU
		{C4A47A4F-DDF4-4B7C-8CF0-FAEF806FAC70}.Debug|Any CPU.Build.0 = Debug|Any CPU
		{C4A47A4F-DDF4-4B7C-8CF0-FAEF806FAC70}.Release|Any CPU.ActiveCfg = Release|Any CPU
		{C4A47A4F-DDF4-4B7C-8CF0-FAEF806FAC70}.Release|Any CPU.Build.0 = Release|Any CPU
		{F4CD3460-2AA2-4769-8102-24058874D078}.Debug|Any CPU.ActiveCfg = Debug|Any CPU
		{F4CD3460-2AA2-4769-8102-24058874D078}.Debug|Any CPU.Build.0 = Debug|Any CPU
		{F4CD3460-2AA2-4769-8102-24058874D078}.Release|Any CPU.ActiveCfg = Release|Any CPU
		{F4CD3460-2AA2-4769-8102-24058874D078}.Release|Any CPU.Build.0 = Release|Any CPU
		{6743C69E-3BFF-4239-9FF9-D52C69C61DE3}.Debug|Any CPU.ActiveCfg = Debug|Any CPU
		{6743C69E-3BFF-4239-9FF9-D52C69C61DE3}.Debug|Any CPU.Build.0 = Debug|Any CPU
		{6743C69E-3BFF-4239-9FF9-D52C69C61DE3}.Release|Any CPU.ActiveCfg = Release|Any CPU
		{6743C69E-3BFF-4239-9FF9-D52C69C61DE3}.Release|Any CPU.Build.0 = Release|Any CPU
		{7FFED76C-8219-4F8A-8CFC-8C9F22623239}.Debug|Any CPU.ActiveCfg = Debug|Any CPU
		{7FFED76C-8219-4F8A-8CFC-8C9F22623239}.Debug|Any CPU.Build.0 = Debug|Any CPU
		{7FFED76C-8219-4F8A-8CFC-8C9F22623239}.Release|Any CPU.ActiveCfg = Release|Any CPU
		{7FFED76C-8219-4F8A-8CFC-8C9F22623239}.Release|Any CPU.Build.0 = Release|Any CPU
		{5FBF6E57-8B53-48C0-8B4C-D15053184344}.Debug|Any CPU.ActiveCfg = Debug|Any CPU
		{5FBF6E57-8B53-48C0-8B4C-D15053184344}.Debug|Any CPU.Build.0 = Debug|Any CPU
		{5FBF6E57-8B53-48C0-8B4C-D15053184344}.Release|Any CPU.ActiveCfg = Release|Any CPU
		{5FBF6E57-8B53-48C0-8B4C-D15053184344}.Release|Any CPU.Build.0 = Release|Any CPU
		{F4EE07BB-F072-4C65-949B-8503434B61D1}.Debug|Any CPU.ActiveCfg = Debug|Any CPU
		{F4EE07BB-F072-4C65-949B-8503434B61D1}.Debug|Any CPU.Build.0 = Debug|Any CPU
		{F4EE07BB-F072-4C65-949B-8503434B61D1}.Release|Any CPU.ActiveCfg = Release|Any CPU
		{F4EE07BB-F072-4C65-949B-8503434B61D1}.Release|Any CPU.Build.0 = Release|Any CPU
		{9214DB2A-D8E0-4826-8E4F-F6D426158A78}.Debug|Any CPU.ActiveCfg = Debug|Any CPU
		{9214DB2A-D8E0-4826-8E4F-F6D426158A78}.Debug|Any CPU.Build.0 = Debug|Any CPU
		{9214DB2A-D8E0-4826-8E4F-F6D426158A78}.Release|Any CPU.ActiveCfg = Release|Any CPU
		{9214DB2A-D8E0-4826-8E4F-F6D426158A78}.Release|Any CPU.Build.0 = Release|Any CPU
	EndGlobalSection
	GlobalSection(SolutionProperties) = preSolution
		HideSolutionNode = FALSE
	EndGlobalSection
EndGlobal
