
Microsoft Visual Studio Solution File, Format Version 12.00
# Visual Studio 14
VisualStudioVersion = 14.0.25420.1
MinimumVisualStudioVersion = 10.0.40219.1
Project("{FAE04EC0-301F-11D3-BF4B-00C04F79EFBC}") = "Sqare Area", "Sqare Area\Sqare Area.csproj", "{B1E1810D-C412-4CB5-8FA1-49340C3E0B37}"
EndProject
Project("{FAE04EC0-301F-11D3-BF4B-00C04F79EFBC}") = "Inches-to-Centimeters", "Inches-to-Centimeters\Inches-to-Centimeters.csproj", "{0AD5B4AF-9845-464A-8BFA-A191CA1DA172}"
EndProject
Project("{FAE04EC0-301F-11D3-BF4B-00C04F79EFBC}") = "Greetings", "Greetings\Greetings.csproj", "{844F58DC-379B-4199-B836-484B00DBD062}"
EndProject
Project("{FAE04EC0-301F-11D3-BF4B-00C04F79EFBC}") = "TextAndNumbers", "TextAndNumbers\TextAndNumbers.csproj", "{FDF06D75-5CEC-4391-94E7-B80E33D84D20}"
EndProject
Project("{FAE04EC0-301F-11D3-BF4B-00C04F79EFBC}") = "Trapezoid-Area", "Trapezoid-Area\Trapezoid-Area.csproj", "{3E7A91E2-7CF8-4350-86D5-46B4768F4FB0}"
EndProject
Project("{FAE04EC0-301F-11D3-BF4B-00C04F79EFBC}") = "Cirle-AreaAndPerimeter", "Cirle-AreaAndPerimeter\Cirle-AreaAndPerimeter.csproj", "{3D19510D-C820-4113-B366-F706B8669128}"
EndProject
Project("{FAE04EC0-301F-11D3-BF4B-00C04F79EFBC}") = "Rectangle_AreaAndPerimeter", "Rectangle_AreaAndPerimeter\Rectangle_AreaAndPerimeter.csproj", "{DAE365CB-B45B-4C8B-B498-39351851628A}"
EndProject
Project("{FAE04EC0-301F-11D3-BF4B-00C04F79EFBC}") = "Triangle-Area", "Triangle-Area\Triangle-Area.csproj", "{1E34FF17-B9F2-4EB1-8D65-684C7330FAD1}"
EndProject
Project("{FAE04EC0-301F-11D3-BF4B-00C04F79EFBC}") = "Celsium-To-Farenhait", "Celsium-To-Farenhait\Celsium-To-Farenhait.csproj", "{FC872FE4-B542-4CE1-AAAD-809771031708}"
EndProject
Project("{FAE04EC0-301F-11D3-BF4B-00C04F79EFBC}") = "Radian-to-Degree", "Radian-to-Degree\Radian-to-Degree.csproj", "{0F4E0CAC-873E-431A-872A-AA0BD872A850}"
EndProject
Project("{FAE04EC0-301F-11D3-BF4B-00C04F79EFBC}") = "USD-to-BGN", "USD-to-BGN\USD-to-BGN.csproj", "{84B52A5F-0078-45A6-B02A-DE51A1E30D74}"
EndProject
Project("{FAE04EC0-301F-11D3-BF4B-00C04F79EFBC}") = "MoneyConvertor", "MoneyConvertor\MoneyConvertor.csproj", "{023F4607-2124-49D6-8709-9AA6BBEE3B55}"
EndProject
Project("{FAE04EC0-301F-11D3-BF4B-00C04F79EFBC}") = "ThousandDays", "1000Days\ThousandDays.csproj", "{DF5A8872-CC21-4E5B-B566-EDCD18F55D1B}"
EndProject
Project("{FAE04EC0-301F-11D3-BF4B-00C04F79EFBC}") = "VegetablesShop", "VegetablesShop\VegetablesShop.csproj", "{FEBBE499-56D2-4D95-A082-6CAEF399ECA6}"
EndProject
Project("{FAE04EC0-301F-11D3-BF4B-00C04F79EFBC}") = "PlatesPerMinute", "PlatesPerMinute\PlatesPerMinute.csproj", "{BC8DE4FB-EEBB-4CB9-A6C7-F25EF667946D}"
EndProject
Global
	GlobalSection(SolutionConfigurationPlatforms) = preSolution
		Debug|Any CPU = Debug|Any CPU
		Release|Any CPU = Release|Any CPU
	EndGlobalSection
	GlobalSection(ProjectConfigurationPlatforms) = postSolution
		{B1E1810D-C412-4CB5-8FA1-49340C3E0B37}.Debug|Any CPU.ActiveCfg = Debug|Any CPU
		{B1E1810D-C412-4CB5-8FA1-49340C3E0B37}.Debug|Any CPU.Build.0 = Debug|Any CPU
		{B1E1810D-C412-4CB5-8FA1-49340C3E0B37}.Release|Any CPU.ActiveCfg = Release|Any CPU
		{B1E1810D-C412-4CB5-8FA1-49340C3E0B37}.Release|Any CPU.Build.0 = Release|Any CPU
		{0AD5B4AF-9845-464A-8BFA-A191CA1DA172}.Debug|Any CPU.ActiveCfg = Debug|Any CPU
		{0AD5B4AF-9845-464A-8BFA-A191CA1DA172}.Debug|Any CPU.Build.0 = Debug|Any CPU
		{0AD5B4AF-9845-464A-8BFA-A191CA1DA172}.Release|Any CPU.ActiveCfg = Release|Any CPU
		{0AD5B4AF-9845-464A-8BFA-A191CA1DA172}.Release|Any CPU.Build.0 = Release|Any CPU
		{844F58DC-379B-4199-B836-484B00DBD062}.Debug|Any CPU.ActiveCfg = Debug|Any CPU
		{844F58DC-379B-4199-B836-484B00DBD062}.Debug|Any CPU.Build.0 = Debug|Any CPU
		{844F58DC-379B-4199-B836-484B00DBD062}.Release|Any CPU.ActiveCfg = Release|Any CPU
		{844F58DC-379B-4199-B836-484B00DBD062}.Release|Any CPU.Build.0 = Release|Any CPU
		{FDF06D75-5CEC-4391-94E7-B80E33D84D20}.Debug|Any CPU.ActiveCfg = Debug|Any CPU
		{FDF06D75-5CEC-4391-94E7-B80E33D84D20}.Debug|Any CPU.Build.0 = Debug|Any CPU
		{FDF06D75-5CEC-4391-94E7-B80E33D84D20}.Release|Any CPU.ActiveCfg = Release|Any CPU
		{FDF06D75-5CEC-4391-94E7-B80E33D84D20}.Release|Any CPU.Build.0 = Release|Any CPU
		{3E7A91E2-7CF8-4350-86D5-46B4768F4FB0}.Debug|Any CPU.ActiveCfg = Debug|Any CPU
		{3E7A91E2-7CF8-4350-86D5-46B4768F4FB0}.Debug|Any CPU.Build.0 = Debug|Any CPU
		{3E7A91E2-7CF8-4350-86D5-46B4768F4FB0}.Release|Any CPU.ActiveCfg = Release|Any CPU
		{3E7A91E2-7CF8-4350-86D5-46B4768F4FB0}.Release|Any CPU.Build.0 = Release|Any CPU
		{3D19510D-C820-4113-B366-F706B8669128}.Debug|Any CPU.ActiveCfg = Debug|Any CPU
		{3D19510D-C820-4113-B366-F706B8669128}.Debug|Any CPU.Build.0 = Debug|Any CPU
		{3D19510D-C820-4113-B366-F706B8669128}.Release|Any CPU.ActiveCfg = Release|Any CPU
		{3D19510D-C820-4113-B366-F706B8669128}.Release|Any CPU.Build.0 = Release|Any CPU
		{DAE365CB-B45B-4C8B-B498-39351851628A}.Debug|Any CPU.ActiveCfg = Debug|Any CPU
		{DAE365CB-B45B-4C8B-B498-39351851628A}.Debug|Any CPU.Build.0 = Debug|Any CPU
		{DAE365CB-B45B-4C8B-B498-39351851628A}.Release|Any CPU.ActiveCfg = Release|Any CPU
		{DAE365CB-B45B-4C8B-B498-39351851628A}.Release|Any CPU.Build.0 = Release|Any CPU
		{1E34FF17-B9F2-4EB1-8D65-684C7330FAD1}.Debug|Any CPU.ActiveCfg = Debug|Any CPU
		{1E34FF17-B9F2-4EB1-8D65-684C7330FAD1}.Debug|Any CPU.Build.0 = Debug|Any CPU
		{1E34FF17-B9F2-4EB1-8D65-684C7330FAD1}.Release|Any CPU.ActiveCfg = Release|Any CPU
		{1E34FF17-B9F2-4EB1-8D65-684C7330FAD1}.Release|Any CPU.Build.0 = Release|Any CPU
		{FC872FE4-B542-4CE1-AAAD-809771031708}.Debug|Any CPU.ActiveCfg = Debug|Any CPU
		{FC872FE4-B542-4CE1-AAAD-809771031708}.Debug|Any CPU.Build.0 = Debug|Any CPU
		{FC872FE4-B542-4CE1-AAAD-809771031708}.Release|Any CPU.ActiveCfg = Release|Any CPU
		{FC872FE4-B542-4CE1-AAAD-809771031708}.Release|Any CPU.Build.0 = Release|Any CPU
		{0F4E0CAC-873E-431A-872A-AA0BD872A850}.Debug|Any CPU.ActiveCfg = Debug|Any CPU
		{0F4E0CAC-873E-431A-872A-AA0BD872A850}.Debug|Any CPU.Build.0 = Debug|Any CPU
		{0F4E0CAC-873E-431A-872A-AA0BD872A850}.Release|Any CPU.ActiveCfg = Release|Any CPU
		{0F4E0CAC-873E-431A-872A-AA0BD872A850}.Release|Any CPU.Build.0 = Release|Any CPU
		{84B52A5F-0078-45A6-B02A-DE51A1E30D74}.Debug|Any CPU.ActiveCfg = Debug|Any CPU
		{84B52A5F-0078-45A6-B02A-DE51A1E30D74}.Debug|Any CPU.Build.0 = Debug|Any CPU
		{84B52A5F-0078-45A6-B02A-DE51A1E30D74}.Release|Any CPU.ActiveCfg = Release|Any CPU
		{84B52A5F-0078-45A6-B02A-DE51A1E30D74}.Release|Any CPU.Build.0 = Release|Any CPU
		{023F4607-2124-49D6-8709-9AA6BBEE3B55}.Debug|Any CPU.ActiveCfg = Debug|Any CPU
		{023F4607-2124-49D6-8709-9AA6BBEE3B55}.Debug|Any CPU.Build.0 = Debug|Any CPU
		{023F4607-2124-49D6-8709-9AA6BBEE3B55}.Release|Any CPU.ActiveCfg = Release|Any CPU
		{023F4607-2124-49D6-8709-9AA6BBEE3B55}.Release|Any CPU.Build.0 = Release|Any CPU
		{DF5A8872-CC21-4E5B-B566-EDCD18F55D1B}.Debug|Any CPU.ActiveCfg = Debug|Any CPU
		{DF5A8872-CC21-4E5B-B566-EDCD18F55D1B}.Debug|Any CPU.Build.0 = Debug|Any CPU
		{DF5A8872-CC21-4E5B-B566-EDCD18F55D1B}.Release|Any CPU.ActiveCfg = Release|Any CPU
		{DF5A8872-CC21-4E5B-B566-EDCD18F55D1B}.Release|Any CPU.Build.0 = Release|Any CPU
		{FEBBE499-56D2-4D95-A082-6CAEF399ECA6}.Debug|Any CPU.ActiveCfg = Debug|Any CPU
		{FEBBE499-56D2-4D95-A082-6CAEF399ECA6}.Debug|Any CPU.Build.0 = Debug|Any CPU
		{FEBBE499-56D2-4D95-A082-6CAEF399ECA6}.Release|Any CPU.ActiveCfg = Release|Any CPU
		{FEBBE499-56D2-4D95-A082-6CAEF399ECA6}.Release|Any CPU.Build.0 = Release|Any CPU
		{BC8DE4FB-EEBB-4CB9-A6C7-F25EF667946D}.Debug|Any CPU.ActiveCfg = Debug|Any CPU
		{BC8DE4FB-EEBB-4CB9-A6C7-F25EF667946D}.Debug|Any CPU.Build.0 = Debug|Any CPU
		{BC8DE4FB-EEBB-4CB9-A6C7-F25EF667946D}.Release|Any CPU.ActiveCfg = Release|Any CPU
		{BC8DE4FB-EEBB-4CB9-A6C7-F25EF667946D}.Release|Any CPU.Build.0 = Release|Any CPU
	EndGlobalSection
	GlobalSection(SolutionProperties) = preSolution
		HideSolutionNode = FALSE
	EndGlobalSection
EndGlobal
