
Microsoft Visual Studio Solution File, Format Version 12.00
# Visual Studio 14
VisualStudioVersion = 14.0.25420.1
MinimumVisualStudioVersion = 10.0.40219.1
Project("{FAE04EC0-301F-11D3-BF4B-00C04F79EFBC}") = "01.Numbers1to100", "Numbers1to100\01.Numbers1to100.csproj", "{B3281D82-35CC-4150-A854-F5CE967CE1BF}"
EndProject
Project("{FAE04EC0-301F-11D3-BF4B-00C04F79EFBC}") = "02. Numbers Ending in 7", "02. Numbers Ending in 7\02. Numbers Ending in 7.csproj", "{496299F9-0A56-4A85-9F27-93C152C623B4}"
EndProject
Project("{FAE04EC0-301F-11D3-BF4B-00C04F79EFBC}") = "03.Latian Letters", "03.Latian Letters\03.Latian Letters.csproj", "{4AFCD4CC-49CB-45DB-94A4-7F37641A4237}"
EndProject
Project("{FAE04EC0-301F-11D3-BF4B-00C04F79EFBC}") = "04. Sum Numbers", "04. Sum Numbers\04. Sum Numbers.csproj", "{6CC291BF-7D31-4EE8-8B98-366500D819E2}"
EndProject
Project("{FAE04EC0-301F-11D3-BF4B-00C04F79EFBC}") = "05. Max Number", "05. Max Number\05. Max Number.csproj", "{A8297BBE-25F5-40F2-B18D-202F845B3DA3}"
EndProject
Project("{FAE04EC0-301F-11D3-BF4B-00C04F79EFBC}") = "06. Min Number", "06. Min Number\06. Min Number.csproj", "{D2EBC8FE-9611-43B2-95BA-2FCBAB76F675}"
EndProject
Project("{FAE04EC0-301F-11D3-BF4B-00C04F79EFBC}") = "07. Left and Right Sum", "07. Left and Right Sum\07. Left and Right Sum.csproj", "{0115088D-E725-469A-9807-4BCA6DBD4D1D}"
EndProject
Project("{FAE04EC0-301F-11D3-BF4B-00C04F79EFBC}") = "08. Odd Even Sum", "08. Odd Even Sum\08. Odd Even Sum.csproj", "{D5FD3771-C5B1-4304-B82C-934148A94B90}"
EndProject
Project("{FAE04EC0-301F-11D3-BF4B-00C04F79EFBC}") = "09. Vowels Sum", "09. Vowels Sum\09. Vowels Sum.csproj", "{858BAC90-B9AC-41AD-8A71-D4E525DCD5B7}"
EndProject
Project("{FAE04EC0-301F-11D3-BF4B-00C04F79EFBC}") = "10. Half Sum Element", "10. Half Sum Element\10. Half Sum Element.csproj", "{AAD2EECB-0123-466B-8349-D2315B253CF5}"
EndProject
Project("{FAE04EC0-301F-11D3-BF4B-00C04F79EFBC}") = "11. Odd or Even Position", "11. Odd or Even Position\11. Odd or Even Position.csproj", "{AD4D4F88-4614-4B38-9D9E-B50BFAB19915}"
EndProject
Project("{FAE04EC0-301F-11D3-BF4B-00C04F79EFBC}") = "12. Equal Pairs", "12. Equal Pairs\12. Equal Pairs.csproj", "{F096A4C8-0889-4A6C-9F72-5A809F84BEE7}"
EndProject
Global
	GlobalSection(SolutionConfigurationPlatforms) = preSolution
		Debug|Any CPU = Debug|Any CPU
		Release|Any CPU = Release|Any CPU
	EndGlobalSection
	GlobalSection(ProjectConfigurationPlatforms) = postSolution
		{B3281D82-35CC-4150-A854-F5CE967CE1BF}.Debug|Any CPU.ActiveCfg = Debug|Any CPU
		{B3281D82-35CC-4150-A854-F5CE967CE1BF}.Debug|Any CPU.Build.0 = Debug|Any CPU
		{B3281D82-35CC-4150-A854-F5CE967CE1BF}.Release|Any CPU.ActiveCfg = Release|Any CPU
		{B3281D82-35CC-4150-A854-F5CE967CE1BF}.Release|Any CPU.Build.0 = Release|Any CPU
		{496299F9-0A56-4A85-9F27-93C152C623B4}.Debug|Any CPU.ActiveCfg = Debug|Any CPU
		{496299F9-0A56-4A85-9F27-93C152C623B4}.Debug|Any CPU.Build.0 = Debug|Any CPU
		{496299F9-0A56-4A85-9F27-93C152C623B4}.Release|Any CPU.ActiveCfg = Release|Any CPU
		{496299F9-0A56-4A85-9F27-93C152C623B4}.Release|Any CPU.Build.0 = Release|Any CPU
		{4AFCD4CC-49CB-45DB-94A4-7F37641A4237}.Debug|Any CPU.ActiveCfg = Debug|Any CPU
		{4AFCD4CC-49CB-45DB-94A4-7F37641A4237}.Debug|Any CPU.Build.0 = Debug|Any CPU
		{4AFCD4CC-49CB-45DB-94A4-7F37641A4237}.Release|Any CPU.ActiveCfg = Release|Any CPU
		{4AFCD4CC-49CB-45DB-94A4-7F37641A4237}.Release|Any CPU.Build.0 = Release|Any CPU
		{6CC291BF-7D31-4EE8-8B98-366500D819E2}.Debug|Any CPU.ActiveCfg = Debug|Any CPU
		{6CC291BF-7D31-4EE8-8B98-366500D819E2}.Debug|Any CPU.Build.0 = Debug|Any CPU
		{6CC291BF-7D31-4EE8-8B98-366500D819E2}.Release|Any CPU.ActiveCfg = Release|Any CPU
		{6CC291BF-7D31-4EE8-8B98-366500D819E2}.Release|Any CPU.Build.0 = Release|Any CPU
		{A8297BBE-25F5-40F2-B18D-202F845B3DA3}.Debug|Any CPU.ActiveCfg = Debug|Any CPU
		{A8297BBE-25F5-40F2-B18D-202F845B3DA3}.Debug|Any CPU.Build.0 = Debug|Any CPU
		{A8297BBE-25F5-40F2-B18D-202F845B3DA3}.Release|Any CPU.ActiveCfg = Release|Any CPU
		{A8297BBE-25F5-40F2-B18D-202F845B3DA3}.Release|Any CPU.Build.0 = Release|Any CPU
		{D2EBC8FE-9611-43B2-95BA-2FCBAB76F675}.Debug|Any CPU.ActiveCfg = Debug|Any CPU
		{D2EBC8FE-9611-43B2-95BA-2FCBAB76F675}.Debug|Any CPU.Build.0 = Debug|Any CPU
		{D2EBC8FE-9611-43B2-95BA-2FCBAB76F675}.Release|Any CPU.ActiveCfg = Release|Any CPU
		{D2EBC8FE-9611-43B2-95BA-2FCBAB76F675}.Release|Any CPU.Build.0 = Release|Any CPU
		{0115088D-E725-469A-9807-4BCA6DBD4D1D}.Debug|Any CPU.ActiveCfg = Debug|Any CPU
		{0115088D-E725-469A-9807-4BCA6DBD4D1D}.Debug|Any CPU.Build.0 = Debug|Any CPU
		{0115088D-E725-469A-9807-4BCA6DBD4D1D}.Release|Any CPU.ActiveCfg = Release|Any CPU
		{0115088D-E725-469A-9807-4BCA6DBD4D1D}.Release|Any CPU.Build.0 = Release|Any CPU
		{D5FD3771-C5B1-4304-B82C-934148A94B90}.Debug|Any CPU.ActiveCfg = Debug|Any CPU
		{D5FD3771-C5B1-4304-B82C-934148A94B90}.Debug|Any CPU.Build.0 = Debug|Any CPU
		{D5FD3771-C5B1-4304-B82C-934148A94B90}.Release|Any CPU.ActiveCfg = Release|Any CPU
		{D5FD3771-C5B1-4304-B82C-934148A94B90}.Release|Any CPU.Build.0 = Release|Any CPU
		{858BAC90-B9AC-41AD-8A71-D4E525DCD5B7}.Debug|Any CPU.ActiveCfg = Debug|Any CPU
		{858BAC90-B9AC-41AD-8A71-D4E525DCD5B7}.Debug|Any CPU.Build.0 = Debug|Any CPU
		{858BAC90-B9AC-41AD-8A71-D4E525DCD5B7}.Release|Any CPU.ActiveCfg = Release|Any CPU
		{858BAC90-B9AC-41AD-8A71-D4E525DCD5B7}.Release|Any CPU.Build.0 = Release|Any CPU
		{AAD2EECB-0123-466B-8349-D2315B253CF5}.Debug|Any CPU.ActiveCfg = Debug|Any CPU
		{AAD2EECB-0123-466B-8349-D2315B253CF5}.Debug|Any CPU.Build.0 = Debug|Any CPU
		{AAD2EECB-0123-466B-8349-D2315B253CF5}.Release|Any CPU.ActiveCfg = Release|Any CPU
		{AAD2EECB-0123-466B-8349-D2315B253CF5}.Release|Any CPU.Build.0 = Release|Any CPU
		{AD4D4F88-4614-4B38-9D9E-B50BFAB19915}.Debug|Any CPU.ActiveCfg = Debug|Any CPU
		{AD4D4F88-4614-4B38-9D9E-B50BFAB19915}.Debug|Any CPU.Build.0 = Debug|Any CPU
		{AD4D4F88-4614-4B38-9D9E-B50BFAB19915}.Release|Any CPU.ActiveCfg = Release|Any CPU
		{AD4D4F88-4614-4B38-9D9E-B50BFAB19915}.Release|Any CPU.Build.0 = Release|Any CPU
		{F096A4C8-0889-4A6C-9F72-5A809F84BEE7}.Debug|Any CPU.ActiveCfg = Debug|Any CPU
		{F096A4C8-0889-4A6C-9F72-5A809F84BEE7}.Debug|Any CPU.Build.0 = Debug|Any CPU
		{F096A4C8-0889-4A6C-9F72-5A809F84BEE7}.Release|Any CPU.ActiveCfg = Release|Any CPU
		{F096A4C8-0889-4A6C-9F72-5A809F84BEE7}.Release|Any CPU.Build.0 = Release|Any CPU
	EndGlobalSection
	GlobalSection(SolutionProperties) = preSolution
		HideSolutionNode = FALSE
	EndGlobalSection
EndGlobal
