
Microsoft Visual Studio Solution File, Format Version 12.00
# Visual Studio 14
VisualStudioVersion = 14.0.25420.1
MinimumVisualStudioVersion = 10.0.40219.1
Project("{FAE04EC0-301F-11D3-BF4B-00C04F79EFBC}") = "000.ClassRoom", "000.ClassRoom\000.ClassRoom.csproj", "{8C9D5CF2-FF28-4B65-8F2D-F5BD4DF05BAF}"
EndProject
Project("{FAE04EC0-301F-11D3-BF4B-00C04F79EFBC}") = "001.DailyIncome", "001.DailyIncome\001.DailyIncome.csproj", "{4E1CCD04-133F-4E47-8713-119876F73B1E}"
EndProject
Project("{FAE04EC0-301F-11D3-BF4B-00C04F79EFBC}") = "002.EnoughTime", "002.EnoughTime\002.EnoughTime.csproj", "{ECE60132-E654-4319-BE2F-E6E1EBE07919}"
EndProject
Project("{FAE04EC0-301F-11D3-BF4B-00C04F79EFBC}") = "003.HotelRoom", "003.HotelRoom\003.HotelRoom.csproj", "{607824E3-F0B1-445F-A811-FBC12387D1A1}"
EndProject
Project("{FAE04EC0-301F-11D3-BF4B-00C04F79EFBC}") = "004.HowMuchWine", "004.HowMuchWine\004.HowMuchWine.csproj", "{7E20D199-B4F8-457F-880E-C6B0AB7F29C4}"
EndProject
Project("{FAE04EC0-301F-11D3-BF4B-00C04F79EFBC}") = "005.MatchTickets", "005.MatchTickets\005.MatchTickets.csproj", "{AE42FE05-F715-4A3C-9ECF-EE923BC19251}"
EndProject
Project("{FAE04EC0-301F-11D3-BF4B-00C04F79EFBC}") = "006.OntimeForExam", "006.Ontime for Exam\006.OntimeForExam.csproj", "{22566921-0020-428B-AF1F-06442CB3B4F6}"
EndProject
Project("{FAE04EC0-301F-11D3-BF4B-00C04F79EFBC}") = "007.OperationsWithNumbers", "007.OperationsWithNumbers\007.OperationsWithNumbers.csproj", "{2D8F00A7-16B6-4BEC-9189-DCEEA2F3C7C6}"
EndProject
Project("{FAE04EC0-301F-11D3-BF4B-00C04F79EFBC}") = "008.PeshosMoney", "008.PeshosMoney\008.PeshosMoney.csproj", "{EA99A435-12D9-419A-A5D7-6CC1E5BBBD48}"
EndProject
Project("{FAE04EC0-301F-11D3-BF4B-00C04F79EFBC}") = "009.PlatesPerMinute", "009.PlatesPerMinute\009.PlatesPerMinute.csproj", "{40161E38-AB41-4ADE-A20E-BCC04809594D}"
EndProject
Project("{FAE04EC0-301F-11D3-BF4B-00C04F79EFBC}") = "010.PoolPipes", "010.PoolPipes\010.PoolPipes.csproj", "{1C5FE27B-8998-49DB-8039-5ACC0D9A0941}"
EndProject
Project("{FAE04EC0-301F-11D3-BF4B-00C04F79EFBC}") = "011.TomTheCat", "011.TomTheCat\011.TomTheCat.csproj", "{93D6CDA4-E858-43A7-A721-DE0ECBDBF789}"
EndProject
Project("{FAE04EC0-301F-11D3-BF4B-00C04F79EFBC}") = "012.TransportCoast", "012.TransportCoast\012.TransportCoast.csproj", "{31684C53-7DE6-4F4D-9B7A-F7513C4B3352}"
EndProject
Project("{FAE04EC0-301F-11D3-BF4B-00C04F79EFBC}") = "013.Trip", "013.Trip\013.Trip.csproj", "{1F7BDD2F-580B-480F-B45A-FDF9A3B549DA}"
EndProject
Project("{FAE04EC0-301F-11D3-BF4B-00C04F79EFBC}") = "014.VegetableShop", "014.VegetableShop\014.VegetableShop.csproj", "{14EEA1D2-05B4-49F1-9030-CD19E9478BCE}"
EndProject
Project("{FAE04EC0-301F-11D3-BF4B-00C04F79EFBC}") = "015.Drawing Fort", "015.Drawing Fort\015.Drawing Fort.csproj", "{163096D7-6FA6-4242-AF3F-F38CB688DC6A}"
EndProject
Project("{FAE04EC0-301F-11D3-BF4B-00C04F79EFBC}") = "016.Butterfly", "016.Butterfly\016.Butterfly.csproj", "{54885D14-9BB0-4EC1-B151-6963E91BC9AB}"
EndProject
Project("{FAE04EC0-301F-11D3-BF4B-00C04F79EFBC}") = "017.JoroTheFootballPlayer", "017.JoroTheFootballPlayer\017.JoroTheFootballPlayer.csproj", "{3AC131A0-756E-4978-8668-98020728FAF2}"
EndProject
Project("{FAE04EC0-301F-11D3-BF4B-00C04F79EFBC}") = "018.NakovsGame", "018.NakovsGame\018.NakovsGame.csproj", "{2D57E95C-FC71-46BB-9341-855DE4A79503}"
EndProject
Project("{FAE04EC0-301F-11D3-BF4B-00C04F79EFBC}") = "019.StopSing", "019.StopSing\019.StopSing.csproj", "{19F9CED7-4EEB-4112-BF9E-01833E079D4C}"
EndProject
Project("{FAE04EC0-301F-11D3-BF4B-00C04F79EFBC}") = "020.Histogram", "020.Histogram\020.Histogram.csproj", "{28D17468-EF9B-4CD0-96F9-7FF5D5D507F4}"
EndProject
Project("{FAE04EC0-301F-11D3-BF4B-00C04F79EFBC}") = "021.DivisionWithoutResidue", "021.DivisionWithoutResidue\021.DivisionWithoutResidue.csproj", "{0DF159D2-C860-41EB-8CCA-63953267DF23}"
EndProject
Project("{FAE04EC0-301F-11D3-BF4B-00C04F79EFBC}") = "022.LiliTheSmart", "022.LiliTheSmart\022.LiliTheSmart.csproj", "{E206E93D-3821-4952-9A5B-750ED5D26C73}"
EndProject
Project("{FAE04EC0-301F-11D3-BF4B-00C04F79EFBC}") = "023.DetectiveBoev", "023.DetectiveBoev\023.DetectiveBoev.csproj", "{0D88ABE9-F547-4995-A62A-A8561241A7E6}"
EndProject
Project("{FAE04EC0-301F-11D3-BF4B-00C04F79EFBC}") = "024.DeckOfCards", "024.DeckOfCards\024.DeckOfCards.csproj", "{CA06017A-4584-4D85-9C13-641D5CAD7C3D}"
EndProject
Project("{FAE04EC0-301F-11D3-BF4B-00C04F79EFBC}") = "025.TheFourFactors", "025.TheFourFactors\025.TheFourFactors.csproj", "{3E4B5B47-54B9-49D6-9136-56A69C008637}"
EndProject
Project("{FAE04EC0-301F-11D3-BF4B-00C04F79EFBC}") = "026.Summertime", "026.Summertime\026.Summertime.csproj", "{73B32556-02B0-441B-A47D-B8BEC40B6FFB}"
EndProject
Project("{FAE04EC0-301F-11D3-BF4B-00C04F79EFBC}") = "027.HungryGarfiled", "027.HungryGarfiled\027.HungryGarfiled.csproj", "{976DACE2-EC3E-49E2-9C28-47ABF1FC3DCD}"
EndProject
Project("{FAE04EC0-301F-11D3-BF4B-00C04F79EFBC}") = "028.EncodedAnswer", "028.EncodedAnswer\028.EncodedAnswer.csproj", "{AD238DFA-9C8B-4FAE-93D5-43E51A6D6C0C}"
EndProject
Project("{FAE04EC0-301F-11D3-BF4B-00C04F79EFBC}") = "029.FallerInLov", "029.FallerInLov\029.FallerInLov.csproj", "{79A1EF8D-9B04-4FF8-AAF8-F17355B2A75C}"
EndProject
Project("{FAE04EC0-301F-11D3-BF4B-00C04F79EFBC}") = "030.Fishland", "030.Fishland\030.Fishland.csproj", "{9F5613D4-24C8-45E7-ABF5-9A3F5350145C}"
EndProject
Project("{FAE04EC0-301F-11D3-BF4B-00C04F79EFBC}") = "031.MarinasPets", "031.MarinasPets\031.MarinasPets.csproj", "{BC5ACD76-4C0F-4317-A88B-AF61F692A39B}"
EndProject
Project("{FAE04EC0-301F-11D3-BF4B-00C04F79EFBC}") = "032.Vacation", "032.Vacation\032.Vacation.csproj", "{66BE4B4F-3A63-4EEA-9587-EC9FB986D5BC}"
EndProject
Project("{FAE04EC0-301F-11D3-BF4B-00C04F79EFBC}") = "033.SoftUniCamp", "033.SoftUniCamp\033.SoftUniCamp.csproj", "{0F635C43-AFE5-49AC-BFA2-1E132F39E28A}"
EndProject
Project("{FAE04EC0-301F-11D3-BF4B-00C04F79EFBC}") = "034.Fox", "034.Fox\034.Fox.csproj", "{A278BCBE-A842-4719-B1C9-3BA0B0904906}"
EndProject
Project("{FAE04EC0-301F-11D3-BF4B-00C04F79EFBC}") = "035.Battles", "035.Battles\035.Battles.csproj", "{CDB36BDB-A668-40A8-9C45-1EF6DB3EA559}"
EndProject
Project("{FAE04EC0-301F-11D3-BF4B-00C04F79EFBC}") = "036.Hospital", "036.Hospital\036.Hospital.csproj", "{09B34C02-4499-448D-8E02-B960A905AD3A}"
EndProject
Project("{FAE04EC0-301F-11D3-BF4B-00C04F79EFBC}") = "037.Axe", "037.Axe\037.Axe.csproj", "{EA4C858D-CF4B-4BFE-A6AE-3DE1DFD0722F}"
EndProject
Project("{FAE04EC0-301F-11D3-BF4B-00C04F79EFBC}") = "038.Digits", "038.Digits\038.Digits.csproj", "{1D034EB3-5F16-4DE4-A5D6-C3C61402929F}"
EndProject
Project("{FAE04EC0-301F-11D3-BF4B-00C04F79EFBC}") = "039.BackToThePast", "039.BackToThePast\039.BackToThePast.csproj", "{DAB98FF8-0517-4B1F-894A-FD177DD5A08E}"
EndProject
Project("{FAE04EC0-301F-11D3-BF4B-00C04F79EFBC}") = "040.Diamond", "040.Diamond\040.Diamond.csproj", "{AE26291C-008A-45F1-99E9-502F60F14352}"
EndProject
Project("{FAE04EC0-301F-11D3-BF4B-00C04F79EFBC}") = "041.StopNumber", "041.StopNumber\041.StopNumber.csproj", "{5065C7EF-7552-4322-A1D3-E78596D3E2C5}"
EndProject
Project("{FAE04EC0-301F-11D3-BF4B-00C04F79EFBC}") = "042.MagicCombinations", "042.MagicCombinations\042.MagicCombinations.csproj", "{02F96F58-E4AC-4766-8067-C5C6CF24B17F}"
EndProject
Project("{FAE04EC0-301F-11D3-BF4B-00C04F79EFBC}") = "043.GrapeAndRakia", "043.GrapeAndRakia\043.GrapeAndRakia.csproj", "{7D16CFAD-58A0-49D3-A83B-CA557665EBC8}"
EndProject
Project("{FAE04EC0-301F-11D3-BF4B-00C04F79EFBC}") = "044.Stiropor", "044.Stiropor\044.Stiropor.csproj", "{8A663C97-5BC3-42FF-B923-F528074C692D}"
EndProject
Project("{FAE04EC0-301F-11D3-BF4B-00C04F79EFBC}") = "045.TruckDriver", "045.TruckDriver\045.TruckDriver.csproj", "{04457B02-5EE9-4389-B497-F38BC1A7315F}"
EndProject
Project("{FAE04EC0-301F-11D3-BF4B-00C04F79EFBC}") = "046.MounthlyBills", "046.MounthlyBills\046.MounthlyBills.csproj", "{EFC6EC86-3D9D-456E-882A-F1F3AD4D593D}"
EndProject
Project("{FAE04EC0-301F-11D3-BF4B-00C04F79EFBC}") = "047.Paralelepiped", "047.Paralelepiped\047.Paralelepiped.csproj", "{E4FBA799-3711-409B-84FF-E2856A239B9A}"
EndProject
Project("{FAE04EC0-301F-11D3-BF4B-00C04F79EFBC}") = "048.ControlTheNumbers", "048.ControlTheNumbers\048.ControlTheNumbers.csproj", "{69B861F6-6931-49F8-98A1-3C9A03EF7EFB}"
EndProject
Global
	GlobalSection(SolutionConfigurationPlatforms) = preSolution
		Debug|Any CPU = Debug|Any CPU
		Release|Any CPU = Release|Any CPU
	EndGlobalSection
	GlobalSection(ProjectConfigurationPlatforms) = postSolution
		{8C9D5CF2-FF28-4B65-8F2D-F5BD4DF05BAF}.Debug|Any CPU.ActiveCfg = Debug|Any CPU
		{8C9D5CF2-FF28-4B65-8F2D-F5BD4DF05BAF}.Debug|Any CPU.Build.0 = Debug|Any CPU
		{8C9D5CF2-FF28-4B65-8F2D-F5BD4DF05BAF}.Release|Any CPU.ActiveCfg = Release|Any CPU
		{8C9D5CF2-FF28-4B65-8F2D-F5BD4DF05BAF}.Release|Any CPU.Build.0 = Release|Any CPU
		{4E1CCD04-133F-4E47-8713-119876F73B1E}.Debug|Any CPU.ActiveCfg = Debug|Any CPU
		{4E1CCD04-133F-4E47-8713-119876F73B1E}.Debug|Any CPU.Build.0 = Debug|Any CPU
		{4E1CCD04-133F-4E47-8713-119876F73B1E}.Release|Any CPU.ActiveCfg = Release|Any CPU
		{4E1CCD04-133F-4E47-8713-119876F73B1E}.Release|Any CPU.Build.0 = Release|Any CPU
		{ECE60132-E654-4319-BE2F-E6E1EBE07919}.Debug|Any CPU.ActiveCfg = Debug|Any CPU
		{ECE60132-E654-4319-BE2F-E6E1EBE07919}.Debug|Any CPU.Build.0 = Debug|Any CPU
		{ECE60132-E654-4319-BE2F-E6E1EBE07919}.Release|Any CPU.ActiveCfg = Release|Any CPU
		{ECE60132-E654-4319-BE2F-E6E1EBE07919}.Release|Any CPU.Build.0 = Release|Any CPU
		{607824E3-F0B1-445F-A811-FBC12387D1A1}.Debug|Any CPU.ActiveCfg = Debug|Any CPU
		{607824E3-F0B1-445F-A811-FBC12387D1A1}.Debug|Any CPU.Build.0 = Debug|Any CPU
		{607824E3-F0B1-445F-A811-FBC12387D1A1}.Release|Any CPU.ActiveCfg = Release|Any CPU
		{607824E3-F0B1-445F-A811-FBC12387D1A1}.Release|Any CPU.Build.0 = Release|Any CPU
		{7E20D199-B4F8-457F-880E-C6B0AB7F29C4}.Debug|Any CPU.ActiveCfg = Debug|Any CPU
		{7E20D199-B4F8-457F-880E-C6B0AB7F29C4}.Debug|Any CPU.Build.0 = Debug|Any CPU
		{7E20D199-B4F8-457F-880E-C6B0AB7F29C4}.Release|Any CPU.ActiveCfg = Release|Any CPU
		{7E20D199-B4F8-457F-880E-C6B0AB7F29C4}.Release|Any CPU.Build.0 = Release|Any CPU
		{AE42FE05-F715-4A3C-9ECF-EE923BC19251}.Debug|Any CPU.ActiveCfg = Debug|Any CPU
		{AE42FE05-F715-4A3C-9ECF-EE923BC19251}.Debug|Any CPU.Build.0 = Debug|Any CPU
		{AE42FE05-F715-4A3C-9ECF-EE923BC19251}.Release|Any CPU.ActiveCfg = Release|Any CPU
		{AE42FE05-F715-4A3C-9ECF-EE923BC19251}.Release|Any CPU.Build.0 = Release|Any CPU
		{22566921-0020-428B-AF1F-06442CB3B4F6}.Debug|Any CPU.ActiveCfg = Debug|Any CPU
		{22566921-0020-428B-AF1F-06442CB3B4F6}.Debug|Any CPU.Build.0 = Debug|Any CPU
		{22566921-0020-428B-AF1F-06442CB3B4F6}.Release|Any CPU.ActiveCfg = Release|Any CPU
		{22566921-0020-428B-AF1F-06442CB3B4F6}.Release|Any CPU.Build.0 = Release|Any CPU
		{2D8F00A7-16B6-4BEC-9189-DCEEA2F3C7C6}.Debug|Any CPU.ActiveCfg = Debug|Any CPU
		{2D8F00A7-16B6-4BEC-9189-DCEEA2F3C7C6}.Debug|Any CPU.Build.0 = Debug|Any CPU
		{2D8F00A7-16B6-4BEC-9189-DCEEA2F3C7C6}.Release|Any CPU.ActiveCfg = Release|Any CPU
		{2D8F00A7-16B6-4BEC-9189-DCEEA2F3C7C6}.Release|Any CPU.Build.0 = Release|Any CPU
		{EA99A435-12D9-419A-A5D7-6CC1E5BBBD48}.Debug|Any CPU.ActiveCfg = Debug|Any CPU
		{EA99A435-12D9-419A-A5D7-6CC1E5BBBD48}.Debug|Any CPU.Build.0 = Debug|Any CPU
		{EA99A435-12D9-419A-A5D7-6CC1E5BBBD48}.Release|Any CPU.ActiveCfg = Release|Any CPU
		{EA99A435-12D9-419A-A5D7-6CC1E5BBBD48}.Release|Any CPU.Build.0 = Release|Any CPU
		{40161E38-AB41-4ADE-A20E-BCC04809594D}.Debug|Any CPU.ActiveCfg = Debug|Any CPU
		{40161E38-AB41-4ADE-A20E-BCC04809594D}.Debug|Any CPU.Build.0 = Debug|Any CPU
		{40161E38-AB41-4ADE-A20E-BCC04809594D}.Release|Any CPU.ActiveCfg = Release|Any CPU
		{40161E38-AB41-4ADE-A20E-BCC04809594D}.Release|Any CPU.Build.0 = Release|Any CPU
		{1C5FE27B-8998-49DB-8039-5ACC0D9A0941}.Debug|Any CPU.ActiveCfg = Debug|Any CPU
		{1C5FE27B-8998-49DB-8039-5ACC0D9A0941}.Debug|Any CPU.Build.0 = Debug|Any CPU
		{1C5FE27B-8998-49DB-8039-5ACC0D9A0941}.Release|Any CPU.ActiveCfg = Release|Any CPU
		{1C5FE27B-8998-49DB-8039-5ACC0D9A0941}.Release|Any CPU.Build.0 = Release|Any CPU
		{93D6CDA4-E858-43A7-A721-DE0ECBDBF789}.Debug|Any CPU.ActiveCfg = Debug|Any CPU
		{93D6CDA4-E858-43A7-A721-DE0ECBDBF789}.Debug|Any CPU.Build.0 = Debug|Any CPU
		{93D6CDA4-E858-43A7-A721-DE0ECBDBF789}.Release|Any CPU.ActiveCfg = Release|Any CPU
		{93D6CDA4-E858-43A7-A721-DE0ECBDBF789}.Release|Any CPU.Build.0 = Release|Any CPU
		{31684C53-7DE6-4F4D-9B7A-F7513C4B3352}.Debug|Any CPU.ActiveCfg = Debug|Any CPU
		{31684C53-7DE6-4F4D-9B7A-F7513C4B3352}.Debug|Any CPU.Build.0 = Debug|Any CPU
		{31684C53-7DE6-4F4D-9B7A-F7513C4B3352}.Release|Any CPU.ActiveCfg = Release|Any CPU
		{31684C53-7DE6-4F4D-9B7A-F7513C4B3352}.Release|Any CPU.Build.0 = Release|Any CPU
		{1F7BDD2F-580B-480F-B45A-FDF9A3B549DA}.Debug|Any CPU.ActiveCfg = Debug|Any CPU
		{1F7BDD2F-580B-480F-B45A-FDF9A3B549DA}.Debug|Any CPU.Build.0 = Debug|Any CPU
		{1F7BDD2F-580B-480F-B45A-FDF9A3B549DA}.Release|Any CPU.ActiveCfg = Release|Any CPU
		{1F7BDD2F-580B-480F-B45A-FDF9A3B549DA}.Release|Any CPU.Build.0 = Release|Any CPU
		{14EEA1D2-05B4-49F1-9030-CD19E9478BCE}.Debug|Any CPU.ActiveCfg = Debug|Any CPU
		{14EEA1D2-05B4-49F1-9030-CD19E9478BCE}.Debug|Any CPU.Build.0 = Debug|Any CPU
		{14EEA1D2-05B4-49F1-9030-CD19E9478BCE}.Release|Any CPU.ActiveCfg = Release|Any CPU
		{14EEA1D2-05B4-49F1-9030-CD19E9478BCE}.Release|Any CPU.Build.0 = Release|Any CPU
		{163096D7-6FA6-4242-AF3F-F38CB688DC6A}.Debug|Any CPU.ActiveCfg = Debug|Any CPU
		{163096D7-6FA6-4242-AF3F-F38CB688DC6A}.Debug|Any CPU.Build.0 = Debug|Any CPU
		{163096D7-6FA6-4242-AF3F-F38CB688DC6A}.Release|Any CPU.ActiveCfg = Release|Any CPU
		{163096D7-6FA6-4242-AF3F-F38CB688DC6A}.Release|Any CPU.Build.0 = Release|Any CPU
		{54885D14-9BB0-4EC1-B151-6963E91BC9AB}.Debug|Any CPU.ActiveCfg = Debug|Any CPU
		{54885D14-9BB0-4EC1-B151-6963E91BC9AB}.Debug|Any CPU.Build.0 = Debug|Any CPU
		{54885D14-9BB0-4EC1-B151-6963E91BC9AB}.Release|Any CPU.ActiveCfg = Release|Any CPU
		{54885D14-9BB0-4EC1-B151-6963E91BC9AB}.Release|Any CPU.Build.0 = Release|Any CPU
		{3AC131A0-756E-4978-8668-98020728FAF2}.Debug|Any CPU.ActiveCfg = Debug|Any CPU
		{3AC131A0-756E-4978-8668-98020728FAF2}.Debug|Any CPU.Build.0 = Debug|Any CPU
		{3AC131A0-756E-4978-8668-98020728FAF2}.Release|Any CPU.ActiveCfg = Release|Any CPU
		{3AC131A0-756E-4978-8668-98020728FAF2}.Release|Any CPU.Build.0 = Release|Any CPU
		{2D57E95C-FC71-46BB-9341-855DE4A79503}.Debug|Any CPU.ActiveCfg = Debug|Any CPU
		{2D57E95C-FC71-46BB-9341-855DE4A79503}.Debug|Any CPU.Build.0 = Debug|Any CPU
		{2D57E95C-FC71-46BB-9341-855DE4A79503}.Release|Any CPU.ActiveCfg = Release|Any CPU
		{2D57E95C-FC71-46BB-9341-855DE4A79503}.Release|Any CPU.Build.0 = Release|Any CPU
		{19F9CED7-4EEB-4112-BF9E-01833E079D4C}.Debug|Any CPU.ActiveCfg = Debug|Any CPU
		{19F9CED7-4EEB-4112-BF9E-01833E079D4C}.Debug|Any CPU.Build.0 = Debug|Any CPU
		{19F9CED7-4EEB-4112-BF9E-01833E079D4C}.Release|Any CPU.ActiveCfg = Release|Any CPU
		{19F9CED7-4EEB-4112-BF9E-01833E079D4C}.Release|Any CPU.Build.0 = Release|Any CPU
		{28D17468-EF9B-4CD0-96F9-7FF5D5D507F4}.Debug|Any CPU.ActiveCfg = Debug|Any CPU
		{28D17468-EF9B-4CD0-96F9-7FF5D5D507F4}.Debug|Any CPU.Build.0 = Debug|Any CPU
		{28D17468-EF9B-4CD0-96F9-7FF5D5D507F4}.Release|Any CPU.ActiveCfg = Release|Any CPU
		{28D17468-EF9B-4CD0-96F9-7FF5D5D507F4}.Release|Any CPU.Build.0 = Release|Any CPU
		{0DF159D2-C860-41EB-8CCA-63953267DF23}.Debug|Any CPU.ActiveCfg = Debug|Any CPU
		{0DF159D2-C860-41EB-8CCA-63953267DF23}.Debug|Any CPU.Build.0 = Debug|Any CPU
		{0DF159D2-C860-41EB-8CCA-63953267DF23}.Release|Any CPU.ActiveCfg = Release|Any CPU
		{0DF159D2-C860-41EB-8CCA-63953267DF23}.Release|Any CPU.Build.0 = Release|Any CPU
		{E206E93D-3821-4952-9A5B-750ED5D26C73}.Debug|Any CPU.ActiveCfg = Debug|Any CPU
		{E206E93D-3821-4952-9A5B-750ED5D26C73}.Debug|Any CPU.Build.0 = Debug|Any CPU
		{E206E93D-3821-4952-9A5B-750ED5D26C73}.Release|Any CPU.ActiveCfg = Release|Any CPU
		{E206E93D-3821-4952-9A5B-750ED5D26C73}.Release|Any CPU.Build.0 = Release|Any CPU
		{0D88ABE9-F547-4995-A62A-A8561241A7E6}.Debug|Any CPU.ActiveCfg = Debug|Any CPU
		{0D88ABE9-F547-4995-A62A-A8561241A7E6}.Debug|Any CPU.Build.0 = Debug|Any CPU
		{0D88ABE9-F547-4995-A62A-A8561241A7E6}.Release|Any CPU.ActiveCfg = Release|Any CPU
		{0D88ABE9-F547-4995-A62A-A8561241A7E6}.Release|Any CPU.Build.0 = Release|Any CPU
		{CA06017A-4584-4D85-9C13-641D5CAD7C3D}.Debug|Any CPU.ActiveCfg = Debug|Any CPU
		{CA06017A-4584-4D85-9C13-641D5CAD7C3D}.Debug|Any CPU.Build.0 = Debug|Any CPU
		{CA06017A-4584-4D85-9C13-641D5CAD7C3D}.Release|Any CPU.ActiveCfg = Release|Any CPU
		{CA06017A-4584-4D85-9C13-641D5CAD7C3D}.Release|Any CPU.Build.0 = Release|Any CPU
		{3E4B5B47-54B9-49D6-9136-56A69C008637}.Debug|Any CPU.ActiveCfg = Debug|Any CPU
		{3E4B5B47-54B9-49D6-9136-56A69C008637}.Debug|Any CPU.Build.0 = Debug|Any CPU
		{3E4B5B47-54B9-49D6-9136-56A69C008637}.Release|Any CPU.ActiveCfg = Release|Any CPU
		{3E4B5B47-54B9-49D6-9136-56A69C008637}.Release|Any CPU.Build.0 = Release|Any CPU
		{73B32556-02B0-441B-A47D-B8BEC40B6FFB}.Debug|Any CPU.ActiveCfg = Debug|Any CPU
		{73B32556-02B0-441B-A47D-B8BEC40B6FFB}.Debug|Any CPU.Build.0 = Debug|Any CPU
		{73B32556-02B0-441B-A47D-B8BEC40B6FFB}.Release|Any CPU.ActiveCfg = Release|Any CPU
		{73B32556-02B0-441B-A47D-B8BEC40B6FFB}.Release|Any CPU.Build.0 = Release|Any CPU
		{976DACE2-EC3E-49E2-9C28-47ABF1FC3DCD}.Debug|Any CPU.ActiveCfg = Debug|Any CPU
		{976DACE2-EC3E-49E2-9C28-47ABF1FC3DCD}.Debug|Any CPU.Build.0 = Debug|Any CPU
		{976DACE2-EC3E-49E2-9C28-47ABF1FC3DCD}.Release|Any CPU.ActiveCfg = Release|Any CPU
		{976DACE2-EC3E-49E2-9C28-47ABF1FC3DCD}.Release|Any CPU.Build.0 = Release|Any CPU
		{AD238DFA-9C8B-4FAE-93D5-43E51A6D6C0C}.Debug|Any CPU.ActiveCfg = Debug|Any CPU
		{AD238DFA-9C8B-4FAE-93D5-43E51A6D6C0C}.Debug|Any CPU.Build.0 = Debug|Any CPU
		{AD238DFA-9C8B-4FAE-93D5-43E51A6D6C0C}.Release|Any CPU.ActiveCfg = Release|Any CPU
		{AD238DFA-9C8B-4FAE-93D5-43E51A6D6C0C}.Release|Any CPU.Build.0 = Release|Any CPU
		{79A1EF8D-9B04-4FF8-AAF8-F17355B2A75C}.Debug|Any CPU.ActiveCfg = Debug|Any CPU
		{79A1EF8D-9B04-4FF8-AAF8-F17355B2A75C}.Debug|Any CPU.Build.0 = Debug|Any CPU
		{79A1EF8D-9B04-4FF8-AAF8-F17355B2A75C}.Release|Any CPU.ActiveCfg = Release|Any CPU
		{79A1EF8D-9B04-4FF8-AAF8-F17355B2A75C}.Release|Any CPU.Build.0 = Release|Any CPU
		{9F5613D4-24C8-45E7-ABF5-9A3F5350145C}.Debug|Any CPU.ActiveCfg = Debug|Any CPU
		{9F5613D4-24C8-45E7-ABF5-9A3F5350145C}.Debug|Any CPU.Build.0 = Debug|Any CPU
		{9F5613D4-24C8-45E7-ABF5-9A3F5350145C}.Release|Any CPU.ActiveCfg = Release|Any CPU
		{9F5613D4-24C8-45E7-ABF5-9A3F5350145C}.Release|Any CPU.Build.0 = Release|Any CPU
		{BC5ACD76-4C0F-4317-A88B-AF61F692A39B}.Debug|Any CPU.ActiveCfg = Debug|Any CPU
		{BC5ACD76-4C0F-4317-A88B-AF61F692A39B}.Debug|Any CPU.Build.0 = Debug|Any CPU
		{BC5ACD76-4C0F-4317-A88B-AF61F692A39B}.Release|Any CPU.ActiveCfg = Release|Any CPU
		{BC5ACD76-4C0F-4317-A88B-AF61F692A39B}.Release|Any CPU.Build.0 = Release|Any CPU
		{66BE4B4F-3A63-4EEA-9587-EC9FB986D5BC}.Debug|Any CPU.ActiveCfg = Debug|Any CPU
		{66BE4B4F-3A63-4EEA-9587-EC9FB986D5BC}.Debug|Any CPU.Build.0 = Debug|Any CPU
		{66BE4B4F-3A63-4EEA-9587-EC9FB986D5BC}.Release|Any CPU.ActiveCfg = Release|Any CPU
		{66BE4B4F-3A63-4EEA-9587-EC9FB986D5BC}.Release|Any CPU.Build.0 = Release|Any CPU
		{0F635C43-AFE5-49AC-BFA2-1E132F39E28A}.Debug|Any CPU.ActiveCfg = Debug|Any CPU
		{0F635C43-AFE5-49AC-BFA2-1E132F39E28A}.Debug|Any CPU.Build.0 = Debug|Any CPU
		{0F635C43-AFE5-49AC-BFA2-1E132F39E28A}.Release|Any CPU.ActiveCfg = Release|Any CPU
		{0F635C43-AFE5-49AC-BFA2-1E132F39E28A}.Release|Any CPU.Build.0 = Release|Any CPU
		{A278BCBE-A842-4719-B1C9-3BA0B0904906}.Debug|Any CPU.ActiveCfg = Debug|Any CPU
		{A278BCBE-A842-4719-B1C9-3BA0B0904906}.Debug|Any CPU.Build.0 = Debug|Any CPU
		{A278BCBE-A842-4719-B1C9-3BA0B0904906}.Release|Any CPU.ActiveCfg = Release|Any CPU
		{A278BCBE-A842-4719-B1C9-3BA0B0904906}.Release|Any CPU.Build.0 = Release|Any CPU
		{CDB36BDB-A668-40A8-9C45-1EF6DB3EA559}.Debug|Any CPU.ActiveCfg = Debug|Any CPU
		{CDB36BDB-A668-40A8-9C45-1EF6DB3EA559}.Debug|Any CPU.Build.0 = Debug|Any CPU
		{CDB36BDB-A668-40A8-9C45-1EF6DB3EA559}.Release|Any CPU.ActiveCfg = Release|Any CPU
		{CDB36BDB-A668-40A8-9C45-1EF6DB3EA559}.Release|Any CPU.Build.0 = Release|Any CPU
		{09B34C02-4499-448D-8E02-B960A905AD3A}.Debug|Any CPU.ActiveCfg = Debug|Any CPU
		{09B34C02-4499-448D-8E02-B960A905AD3A}.Debug|Any CPU.Build.0 = Debug|Any CPU
		{09B34C02-4499-448D-8E02-B960A905AD3A}.Release|Any CPU.ActiveCfg = Release|Any CPU
		{09B34C02-4499-448D-8E02-B960A905AD3A}.Release|Any CPU.Build.0 = Release|Any CPU
		{EA4C858D-CF4B-4BFE-A6AE-3DE1DFD0722F}.Debug|Any CPU.ActiveCfg = Debug|Any CPU
		{EA4C858D-CF4B-4BFE-A6AE-3DE1DFD0722F}.Debug|Any CPU.Build.0 = Debug|Any CPU
		{EA4C858D-CF4B-4BFE-A6AE-3DE1DFD0722F}.Release|Any CPU.ActiveCfg = Release|Any CPU
		{EA4C858D-CF4B-4BFE-A6AE-3DE1DFD0722F}.Release|Any CPU.Build.0 = Release|Any CPU
		{1D034EB3-5F16-4DE4-A5D6-C3C61402929F}.Debug|Any CPU.ActiveCfg = Debug|Any CPU
		{1D034EB3-5F16-4DE4-A5D6-C3C61402929F}.Debug|Any CPU.Build.0 = Debug|Any CPU
		{1D034EB3-5F16-4DE4-A5D6-C3C61402929F}.Release|Any CPU.ActiveCfg = Release|Any CPU
		{1D034EB3-5F16-4DE4-A5D6-C3C61402929F}.Release|Any CPU.Build.0 = Release|Any CPU
		{DAB98FF8-0517-4B1F-894A-FD177DD5A08E}.Debug|Any CPU.ActiveCfg = Debug|Any CPU
		{DAB98FF8-0517-4B1F-894A-FD177DD5A08E}.Debug|Any CPU.Build.0 = Debug|Any CPU
		{DAB98FF8-0517-4B1F-894A-FD177DD5A08E}.Release|Any CPU.ActiveCfg = Release|Any CPU
		{DAB98FF8-0517-4B1F-894A-FD177DD5A08E}.Release|Any CPU.Build.0 = Release|Any CPU
		{AE26291C-008A-45F1-99E9-502F60F14352}.Debug|Any CPU.ActiveCfg = Debug|Any CPU
		{AE26291C-008A-45F1-99E9-502F60F14352}.Debug|Any CPU.Build.0 = Debug|Any CPU
		{AE26291C-008A-45F1-99E9-502F60F14352}.Release|Any CPU.ActiveCfg = Release|Any CPU
		{AE26291C-008A-45F1-99E9-502F60F14352}.Release|Any CPU.Build.0 = Release|Any CPU
		{5065C7EF-7552-4322-A1D3-E78596D3E2C5}.Debug|Any CPU.ActiveCfg = Debug|Any CPU
		{5065C7EF-7552-4322-A1D3-E78596D3E2C5}.Debug|Any CPU.Build.0 = Debug|Any CPU
		{5065C7EF-7552-4322-A1D3-E78596D3E2C5}.Release|Any CPU.ActiveCfg = Release|Any CPU
		{5065C7EF-7552-4322-A1D3-E78596D3E2C5}.Release|Any CPU.Build.0 = Release|Any CPU
		{02F96F58-E4AC-4766-8067-C5C6CF24B17F}.Debug|Any CPU.ActiveCfg = Debug|Any CPU
		{02F96F58-E4AC-4766-8067-C5C6CF24B17F}.Debug|Any CPU.Build.0 = Debug|Any CPU
		{02F96F58-E4AC-4766-8067-C5C6CF24B17F}.Release|Any CPU.ActiveCfg = Release|Any CPU
		{02F96F58-E4AC-4766-8067-C5C6CF24B17F}.Release|Any CPU.Build.0 = Release|Any CPU
		{7D16CFAD-58A0-49D3-A83B-CA557665EBC8}.Debug|Any CPU.ActiveCfg = Debug|Any CPU
		{7D16CFAD-58A0-49D3-A83B-CA557665EBC8}.Debug|Any CPU.Build.0 = Debug|Any CPU
		{7D16CFAD-58A0-49D3-A83B-CA557665EBC8}.Release|Any CPU.ActiveCfg = Release|Any CPU
		{7D16CFAD-58A0-49D3-A83B-CA557665EBC8}.Release|Any CPU.Build.0 = Release|Any CPU
		{8A663C97-5BC3-42FF-B923-F528074C692D}.Debug|Any CPU.ActiveCfg = Debug|Any CPU
		{8A663C97-5BC3-42FF-B923-F528074C692D}.Debug|Any CPU.Build.0 = Debug|Any CPU
		{8A663C97-5BC3-42FF-B923-F528074C692D}.Release|Any CPU.ActiveCfg = Release|Any CPU
		{8A663C97-5BC3-42FF-B923-F528074C692D}.Release|Any CPU.Build.0 = Release|Any CPU
		{04457B02-5EE9-4389-B497-F38BC1A7315F}.Debug|Any CPU.ActiveCfg = Debug|Any CPU
		{04457B02-5EE9-4389-B497-F38BC1A7315F}.Debug|Any CPU.Build.0 = Debug|Any CPU
		{04457B02-5EE9-4389-B497-F38BC1A7315F}.Release|Any CPU.ActiveCfg = Release|Any CPU
		{04457B02-5EE9-4389-B497-F38BC1A7315F}.Release|Any CPU.Build.0 = Release|Any CPU
		{EFC6EC86-3D9D-456E-882A-F1F3AD4D593D}.Debug|Any CPU.ActiveCfg = Debug|Any CPU
		{EFC6EC86-3D9D-456E-882A-F1F3AD4D593D}.Debug|Any CPU.Build.0 = Debug|Any CPU
		{EFC6EC86-3D9D-456E-882A-F1F3AD4D593D}.Release|Any CPU.ActiveCfg = Release|Any CPU
		{EFC6EC86-3D9D-456E-882A-F1F3AD4D593D}.Release|Any CPU.Build.0 = Release|Any CPU
		{E4FBA799-3711-409B-84FF-E2856A239B9A}.Debug|Any CPU.ActiveCfg = Debug|Any CPU
		{E4FBA799-3711-409B-84FF-E2856A239B9A}.Debug|Any CPU.Build.0 = Debug|Any CPU
		{E4FBA799-3711-409B-84FF-E2856A239B9A}.Release|Any CPU.ActiveCfg = Release|Any CPU
		{E4FBA799-3711-409B-84FF-E2856A239B9A}.Release|Any CPU.Build.0 = Release|Any CPU
		{69B861F6-6931-49F8-98A1-3C9A03EF7EFB}.Debug|Any CPU.ActiveCfg = Debug|Any CPU
		{69B861F6-6931-49F8-98A1-3C9A03EF7EFB}.Debug|Any CPU.Build.0 = Debug|Any CPU
		{69B861F6-6931-49F8-98A1-3C9A03EF7EFB}.Release|Any CPU.ActiveCfg = Release|Any CPU
		{69B861F6-6931-49F8-98A1-3C9A03EF7EFB}.Release|Any CPU.Build.0 = Release|Any CPU
	EndGlobalSection
	GlobalSection(SolutionProperties) = preSolution
		HideSolutionNode = FALSE
	EndGlobalSection
EndGlobal
